
Microsoft Visual Studio Solution File, Format Version 10.00
# Visual C++ Express 2008
Project("{8BC9CEB8-8B4A-11D0-8D11-00A0C91BC942}") = "Component", "Component\Component.vcproj", "{48D0AC7C-C46C-4CD0-BEBD-E22B549BD47D}"
EndProject
Project("{8BC9CEB8-8B4A-11D0-8D11-00A0C91BC942}") = "Client", "Client\Client.vcproj", "{3E7B9E8E-6993-4A43-BF97-F10F9C5BD7C2}"
EndProject
Project("{8BC9CEB8-8B4A-11D0-8D11-00A0C91BC942}") = "Component2", "Componet2\Componet2.vcproj", "{FA7C0327-FE70-4C29-8267-047CE0AA117D}"
EndProject
Global
	GlobalSection(SolutionConfigurationPlatforms) = preSolution
		Debug|Win32 = Debug|Win32
		Release|Win32 = Release|Win32
	EndGlobalSection
	GlobalSection(ProjectConfigurationPlatforms) = postSolution
		{48D0AC7C-C46C-4CD0-BEBD-E22B549BD47D}.Debug|Win32.ActiveCfg = Debug|Win32
		{48D0AC7C-C46C-4CD0-BEBD-E22B549BD47D}.Debug|Win32.Build.0 = Debug|Win32
		{48D0AC7C-C46C-4CD0-BEBD-E22B549BD47D}.Release|Win32.ActiveCfg = Release|Win32
		{48D0AC7C-C46C-4CD0-BEBD-E22B549BD47D}.Release|Win32.Build.0 = Release|Win32
		{3E7B9E8E-6993-4A43-BF97-F10F9C5BD7C2}.Debug|Win32.ActiveCfg = Debug|Win32
		{3E7B9E8E-6993-4A43-BF97-F10F9C5BD7C2}.Debug|Win32.Build.0 = Debug|Win32
		{3E7B9E8E-6993-4A43-BF97-F10F9C5BD7C2}.Release|Win32.ActiveCfg = Release|Win32
		{3E7B9E8E-6993-4A43-BF97-F10F9C5BD7C2}.Release|Win32.Build.0 = Release|Win32
		{FA7C0327-FE70-4C29-8267-047CE0AA117D}.Debug|Win32.ActiveCfg = Debug|Win32
		{FA7C0327-FE70-4C29-8267-047CE0AA117D}.Debug|Win32.Build.0 = Debug|Win32
		{FA7C0327-FE70-4C29-8267-047CE0AA117D}.Release|Win32.ActiveCfg = Release|Win32
		{FA7C0327-FE70-4C29-8267-047CE0AA117D}.Release|Win32.Build.0 = Release|Win32
	EndGlobalSection
	GlobalSection(SolutionProperties) = preSolution
		HideSolutionNode = FALSE
	EndGlobalSection
EndGlobal
