Microsoft Visual Studio Solution File, Format Version 9.00
# Visual Studio 2005
Project("{8BC9CEB8-8B4A-11D0-8D11-00A0C91BC942}") = "smplWndCtrl", "smplWndCtrl.vcproj", "{AF23AB56-8675-4682-9487-D807383EBB8A}"
EndProject
Project("{8BC9CEB8-8B4A-11D0-8D11-00A0C91BC942}") = "ULLibPrj", "..\..\ULLibPrj\ULLibPrj.vcproj", "{3F3D1FF7-4130-4CE2-BE94-DC955C45FC27}"
EndProject
Global
	GlobalSection(SolutionConfigurationPlatforms) = preSolution
		Debug|Win32 = Debug|Win32
		Release|Win32 = Release|Win32
	EndGlobalSection
	GlobalSection(ProjectConfigurationPlatforms) = postSolution
		{AF23AB56-8675-4682-9487-D807383EBB8A}.Debug|Win32.ActiveCfg = Debug|Win32
		{AF23AB56-8675-4682-9487-D807383EBB8A}.Debug|Win32.Build.0 = Debug|Win32
		{AF23AB56-8675-4682-9487-D807383EBB8A}.Release|Win32.ActiveCfg = Release|Win32
		{AF23AB56-8675-4682-9487-D807383EBB8A}.Release|Win32.Build.0 = Release|Win32
		{3F3D1FF7-4130-4CE2-BE94-DC955C45FC27}.Debug|Win32.ActiveCfg = UDebug|Win32
		{3F3D1FF7-4130-4CE2-BE94-DC955C45FC27}.Debug|Win32.Build.0 = UDebug|Win32
		{3F3D1FF7-4130-4CE2-BE94-DC955C45FC27}.Release|Win32.ActiveCfg = Release|Win32
		{3F3D1FF7-4130-4CE2-BE94-DC955C45FC27}.Release|Win32.Build.0 = Release|Win32
	EndGlobalSection
	GlobalSection(SolutionProperties) = preSolution
		HideSolutionNode = FALSE
	EndGlobalSection
EndGlobal
