Microsoft Visual Studio Solution File, Format Version 9.00
# Visual Studio 2005
Project("{8BC9CEB8-8B4A-11D0-8D11-00A0C91BC942}") = "smplMDIWnd", "smplMDIWnd.vcproj", "{C4EEC339-D4F7-463B-A63A-6E4ED67CDD5A}"
EndProject
Project("{8BC9CEB8-8B4A-11D0-8D11-00A0C91BC942}") = "ULLibPrj", "..\..\ULLibPrj\ULLibPrj.vcproj", "{3F3D1FF7-4130-4CE2-BE94-DC955C45FC27}"
EndProject
Global
	GlobalSection(SolutionConfigurationPlatforms) = preSolution
		Debug|Win32 = Debug|Win32
		Release|Win32 = Release|Win32
	EndGlobalSection
	GlobalSection(ProjectConfigurationPlatforms) = postSolution
		{C4EEC339-D4F7-463B-A63A-6E4ED67CDD5A}.Debug|Win32.ActiveCfg = Debug|Win32
		{C4EEC339-D4F7-463B-A63A-6E4ED67CDD5A}.Debug|Win32.Build.0 = Debug|Win32
		{C4EEC339-D4F7-463B-A63A-6E4ED67CDD5A}.Release|Win32.ActiveCfg = Release|Win32
		{C4EEC339-D4F7-463B-A63A-6E4ED67CDD5A}.Release|Win32.Build.0 = Release|Win32
		{3F3D1FF7-4130-4CE2-BE94-DC955C45FC27}.Debug|Win32.ActiveCfg = UDebug|Win32
		{3F3D1FF7-4130-4CE2-BE94-DC955C45FC27}.Debug|Win32.Build.0 = UDebug|Win32
		{3F3D1FF7-4130-4CE2-BE94-DC955C45FC27}.Release|Win32.ActiveCfg = URelease|Win32
		{3F3D1FF7-4130-4CE2-BE94-DC955C45FC27}.Release|Win32.Build.0 = URelease|Win32
	EndGlobalSection
	GlobalSection(SolutionProperties) = preSolution
		HideSolutionNode = FALSE
	EndGlobalSection
EndGlobal
